
Microsoft Visual Studio Solution File, Format Version 12.00
# Visual Studio Version 16
VisualStudioVersion = 16.0.29009.5
MinimumVisualStudioVersion = 10.0.40219.1
Project("{FAE04EC0-301F-11D3-BF4B-00C04F79EFBC}") = "Xmas2019.TestConsole", "Xmas2019.Console\Xmas2019.TestConsole.csproj", "{3B693107-C115-4266-A4EE-E67123AD80B0}"
EndProject
Project("{9A19103F-16F7-4668-BE54-9A1E7A4F7556}") = "Xmas2019.Library", "Xmas2019.Library\Xmas2019.Library.csproj", "{71061369-510E-468E-8FD3-2BF2B803262F}"
EndProject
Project("{FAE04EC0-301F-11D3-BF4B-00C04F79EFBC}") = "Xmas2019.Tests", "Xmas2019.Tests\Xmas2019.Tests.csproj", "{4832FCB5-5D30-4F7C-A913-9A2740C2BFC4}"
EndProject
Global
	GlobalSection(SolutionConfigurationPlatforms) = preSolution
		Debug|Any CPU = Debug|Any CPU
		Release|Any CPU = Release|Any CPU
	EndGlobalSection
	GlobalSection(ProjectConfigurationPlatforms) = postSolution
		{3B693107-C115-4266-A4EE-E67123AD80B0}.Debug|Any CPU.ActiveCfg = Debug|Any CPU
		{3B693107-C115-4266-A4EE-E67123AD80B0}.Debug|Any CPU.Build.0 = Debug|Any CPU
		{3B693107-C115-4266-A4EE-E67123AD80B0}.Release|Any CPU.ActiveCfg = Release|Any CPU
		{3B693107-C115-4266-A4EE-E67123AD80B0}.Release|Any CPU.Build.0 = Release|Any CPU
		{71061369-510E-468E-8FD3-2BF2B803262F}.Debug|Any CPU.ActiveCfg = Debug|Any CPU
		{71061369-510E-468E-8FD3-2BF2B803262F}.Debug|Any CPU.Build.0 = Debug|Any CPU
		{71061369-510E-468E-8FD3-2BF2B803262F}.Release|Any CPU.ActiveCfg = Release|Any CPU
		{71061369-510E-468E-8FD3-2BF2B803262F}.Release|Any CPU.Build.0 = Release|Any CPU
		{4832FCB5-5D30-4F7C-A913-9A2740C2BFC4}.Debug|Any CPU.ActiveCfg = Debug|Any CPU
		{4832FCB5-5D30-4F7C-A913-9A2740C2BFC4}.Debug|Any CPU.Build.0 = Debug|Any CPU
		{4832FCB5-5D30-4F7C-A913-9A2740C2BFC4}.Release|Any CPU.ActiveCfg = Release|Any CPU
		{4832FCB5-5D30-4F7C-A913-9A2740C2BFC4}.Release|Any CPU.Build.0 = Release|Any CPU
	EndGlobalSection
	GlobalSection(SolutionProperties) = preSolution
		HideSolutionNode = FALSE
	EndGlobalSection
	GlobalSection(ExtensibilityGlobals) = postSolution
		SolutionGuid = {F8430D0B-04F4-429F-822F-3845C9BC271F}
	EndGlobalSection
EndGlobal
